// !$*UTF8*$!
{
	archiveVersion = 1;
	classes = {
	};
	objectVersion = 48;
	objects = {

/* Begin PBXBuildFile section */
		071C9DD81FD5E892009E9D60 /* AppDelegate.swift in Sources */ = {isa = PBXBuildFile; fileRef = 071C9DD71FD5E892009E9D60 /* AppDelegate.swift */; };
		071C9DDF1FD5E892009E9D60 /* Assets.xcassets in Resources */ = {isa = PBXBuildFile; fileRef = 071C9DDE1FD5E892009E9D60 /* Assets.xcassets */; };
		071C9DE21FD5E892009E9D60 /* LaunchScreen.storyboard in Resources */ = {isa = PBXBuildFile; fileRef = 071C9DE01FD5E892009E9D60 /* LaunchScreen.storyboard */; };
		071C9DEA1FD60A4B009E9D60 /* Students.swift in Sources */ = {isa = PBXBuildFile; fileRef = 071C9DE91FD60A4B009E9D60 /* Students.swift */; };
		071C9DEC1FD60A65009E9D60 /* Student.swift in Sources */ = {isa = PBXBuildFile; fileRef = 071C9DEB1FD60A65009E9D60 /* Student.swift */; };
		071C9DEE1FD60C3D009E9D60 /* StudentListController.swift in Sources */ = {isa = PBXBuildFile; fileRef = 071C9DED1FD60C3D009E9D60 /* StudentListController.swift */; };
		071C9DF01FD60C7F009E9D60 /* StudentInfoCell.swift in Sources */ = {isa = PBXBuildFile; fileRef = 071C9DEF1FD60C7F009E9D60 /* StudentInfoCell.swift */; };
		071C9DF21FD60D7C009E9D60 /* StudentListView.swift in Sources */ = {isa = PBXBuildFile; fileRef = 071C9DF11FD60D7C009E9D60 /* StudentListView.swift */; };
		071C9DF41FD60D91009E9D60 /* StudentListViewModel.swift in Sources */ = {isa = PBXBuildFile; fileRef = 071C9DF31FD60D91009E9D60 /* StudentListViewModel.swift */; };
		074D01CC20F67BA700628C48 /* UIView+Extensions.swift in Sources */ = {isa = PBXBuildFile; fileRef = 074D01CB20F67BA700628C48 /* UIView+Extensions.swift */; };
		074D01CE20F6805000628C48 /* Result.swift in Sources */ = {isa = PBXBuildFile; fileRef = 074D01CD20F6805000628C48 /* Result.swift */; };
		074D01D220F6823B00628C48 /* GoogleService-Info.plist in Resources */ = {isa = PBXBuildFile; fileRef = 074D01D120F6823B00628C48 /* GoogleService-Info.plist */; };
		074D01D420F686E500628C48 /* SplashViewController.swift in Sources */ = {isa = PBXBuildFile; fileRef = 074D01D320F686E500628C48 /* SplashViewController.swift */; };
		074D01D620F6871700628C48 /* SplashView.swift in Sources */ = {isa = PBXBuildFile; fileRef = 074D01D520F6871700628C48 /* SplashView.swift */; };
		078A9C9C20CBAF1F005C7922 /* Students.json in Resources */ = {isa = PBXBuildFile; fileRef = 078A9C9B20CBAF1F005C7922 /* Students.json */; };
		078A9CA020CBFE72005C7922 /* JSONLoader.swift in Sources */ = {isa = PBXBuildFile; fileRef = 078A9C9F20CBFE72005C7922 /* JSONLoader.swift */; };
		078A9CA620CD0EE3005C7922 /* Professors.json in Resources */ = {isa = PBXBuildFile; fileRef = 078A9CA520CD0EE3005C7922 /* Professors.json */; };
		078A9CA820CD0F03005C7922 /* Professors.swift in Sources */ = {isa = PBXBuildFile; fileRef = 078A9CA720CD0F03005C7922 /* Professors.swift */; };
		078A9CAA20CD0F0D005C7922 /* Professor.swift in Sources */ = {isa = PBXBuildFile; fileRef = 078A9CA920CD0F0D005C7922 /* Professor.swift */; };
		078A9CAC20CD0F2D005C7922 /* Resource.swift in Sources */ = {isa = PBXBuildFile; fileRef = 078A9CAB20CD0F2D005C7922 /* Resource.swift */; };
		078A9CB220CD1003005C7922 /* ProfessorListController.swift in Sources */ = {isa = PBXBuildFile; fileRef = 078A9CAE20CD1003005C7922 /* ProfessorListController.swift */; };
		078A9CB320CD1003005C7922 /* ProfessorInfoCell.swift in Sources */ = {isa = PBXBuildFile; fileRef = 078A9CAF20CD1003005C7922 /* ProfessorInfoCell.swift */; };
		078A9CB420CD1003005C7922 /* ProfessorListView.swift in Sources */ = {isa = PBXBuildFile; fileRef = 078A9CB020CD1003005C7922 /* ProfessorListView.swift */; };
		078A9CB520CD1003005C7922 /* ProfessorListViewModel.swift in Sources */ = {isa = PBXBuildFile; fileRef = 078A9CB120CD1003005C7922 /* ProfessorListViewModel.swift */; };
		078A9CB820CD1D2B005C7922 /* UINavigationController+Additions.swift in Sources */ = {isa = PBXBuildFile; fileRef = 078A9CB720CD1D2B005C7922 /* UINavigationController+Additions.swift */; };
		078A9CE220CD3C84005C7922 /* UILabel+Additions.swift in Sources */ = {isa = PBXBuildFile; fileRef = 078A9CE120CD3C84005C7922 /* UILabel+Additions.swift */; };
		07C004C720D9558E008B0C22 /* TVDataSourceConfigurable.swift in Sources */ = {isa = PBXBuildFile; fileRef = 07C004C620D9558E008B0C22 /* TVDataSourceConfigurable.swift */; };
		07E4CB1620DBEA98006AA20D /* SignupViewController.swift in Sources */ = {isa = PBXBuildFile; fileRef = 07E4CB1520DBEA98006AA20D /* SignupViewController.swift */; };
		07E4CB1E20DE561E006AA20D /* UIElementUtils.swift in Sources */ = {isa = PBXBuildFile; fileRef = 07E4CB1D20DE561E006AA20D /* UIElementUtils.swift */; };
		07E4CB2020E17834006AA20D /* SignupView.swift in Sources */ = {isa = PBXBuildFile; fileRef = 07E4CB1F20E17834006AA20D /* SignupView.swift */; };
		07E4CB2220E1783E006AA20D /* SignupViewModel.swift in Sources */ = {isa = PBXBuildFile; fileRef = 07E4CB2120E1783E006AA20D /* SignupViewModel.swift */; };
		AACE8F98A08C0DC3F466554A /* Pods_Students.framework in Frameworks */ = {isa = PBXBuildFile; fileRef = 1BC7600F35197A72ED6E87F3 /* Pods_Students.framework */; };
		C67DF52720CE70E300748A15 /* UIColor+Additions.swift in Sources */ = {isa = PBXBuildFile; fileRef = C67DF52620CE70E300748A15 /* UIColor+Additions.swift */; };
		C67DF52A20CEA26400748A15 /* Constants.swift in Sources */ = {isa = PBXBuildFile; fileRef = C67DF52920CEA26400748A15 /* Constants.swift */; };
		C67FCA8720DA7B7D00EBAE78 /* LoginViewController.swift in Sources */ = {isa = PBXBuildFile; fileRef = C67FCA8620DA7B7D00EBAE78 /* LoginViewController.swift */; };
		C6F543A220D3C7E00015AC74 /* TableViewHelper.swift in Sources */ = {isa = PBXBuildFile; fileRef = C6F543A020D3C7E00015AC74 /* TableViewHelper.swift */; };
		C6F543A320D3C7E00015AC74 /* Resuable.swift in Sources */ = {isa = PBXBuildFile; fileRef = C6F543A120D3C7E00015AC74 /* Resuable.swift */; };
		D63B020720E206FA00613A22 /* UIViewController+Extension.swift in Sources */ = {isa = PBXBuildFile; fileRef = D63B020620E206FA00613A22 /* UIViewController+Extension.swift */; };
		D63B020920E2384700613A22 /* LoginView.swift in Sources */ = {isa = PBXBuildFile; fileRef = D63B020820E2384700613A22 /* LoginView.swift */; };
		D63B020B20E23DC500613A22 /* LoginViewModel.swift in Sources */ = {isa = PBXBuildFile; fileRef = D63B020A20E23DC500613A22 /* LoginViewModel.swift */; };
/* End PBXBuildFile section */

/* Begin PBXFileReference section */
		071C9DD41FD5E892009E9D60 /* Students.app */ = {isa = PBXFileReference; explicitFileType = wrapper.application; includeInIndex = 0; path = Students.app; sourceTree = BUILT_PRODUCTS_DIR; };
		071C9DD71FD5E892009E9D60 /* AppDelegate.swift */ = {isa = PBXFileReference; lastKnownFileType = sourcecode.swift; path = AppDelegate.swift; sourceTree = "<group>"; };
		071C9DDE1FD5E892009E9D60 /* Assets.xcassets */ = {isa = PBXFileReference; lastKnownFileType = folder.assetcatalog; path = Assets.xcassets; sourceTree = "<group>"; };
		071C9DE11FD5E892009E9D60 /* Base */ = {isa = PBXFileReference; lastKnownFileType = file.storyboard; name = Base; path = Base.lproj/LaunchScreen.storyboard; sourceTree = "<group>"; };
		071C9DE31FD5E892009E9D60 /* Info.plist */ = {isa = PBXFileReference; lastKnownFileType = text.plist.xml; path = Info.plist; sourceTree = "<group>"; };
		071C9DE91FD60A4B009E9D60 /* Students.swift */ = {isa = PBXFileReference; lastKnownFileType = sourcecode.swift; path = Students.swift; sourceTree = "<group>"; };
		071C9DEB1FD60A65009E9D60 /* Student.swift */ = {isa = PBXFileReference; lastKnownFileType = sourcecode.swift; path = Student.swift; sourceTree = "<group>"; };
		071C9DED1FD60C3D009E9D60 /* StudentListController.swift */ = {isa = PBXFileReference; lastKnownFileType = sourcecode.swift; path = StudentListController.swift; sourceTree = "<group>"; };
		071C9DEF1FD60C7F009E9D60 /* StudentInfoCell.swift */ = {isa = PBXFileReference; lastKnownFileType = sourcecode.swift; path = StudentInfoCell.swift; sourceTree = "<group>"; };
		071C9DF11FD60D7C009E9D60 /* StudentListView.swift */ = {isa = PBXFileReference; lastKnownFileType = sourcecode.swift; path = StudentListView.swift; sourceTree = "<group>"; };
		071C9DF31FD60D91009E9D60 /* StudentListViewModel.swift */ = {isa = PBXFileReference; lastKnownFileType = sourcecode.swift; path = StudentListViewModel.swift; sourceTree = "<group>"; };
		074D01CB20F67BA700628C48 /* UIView+Extensions.swift */ = {isa = PBXFileReference; lastKnownFileType = sourcecode.swift; path = "UIView+Extensions.swift"; sourceTree = "<group>"; };
		074D01CD20F6805000628C48 /* Result.swift */ = {isa = PBXFileReference; lastKnownFileType = sourcecode.swift; path = Result.swift; sourceTree = "<group>"; };
		074D01D120F6823B00628C48 /* GoogleService-Info.plist */ = {isa = PBXFileReference; fileEncoding = 4; lastKnownFileType = text.plist.xml; path = "GoogleService-Info.plist"; sourceTree = "<group>"; };
		074D01D320F686E500628C48 /* SplashViewController.swift */ = {isa = PBXFileReference; lastKnownFileType = sourcecode.swift; path = SplashViewController.swift; sourceTree = "<group>"; };
		074D01D520F6871700628C48 /* SplashView.swift */ = {isa = PBXFileReference; lastKnownFileType = sourcecode.swift; path = SplashView.swift; sourceTree = "<group>"; };
		078A9C9B20CBAF1F005C7922 /* Students.json */ = {isa = PBXFileReference; fileEncoding = 4; lastKnownFileType = text.json; path = Students.json; sourceTree = "<group>"; };
		078A9C9F20CBFE72005C7922 /* JSONLoader.swift */ = {isa = PBXFileReference; lastKnownFileType = sourcecode.swift; path = JSONLoader.swift; sourceTree = "<group>"; };
		078A9CA520CD0EE3005C7922 /* Professors.json */ = {isa = PBXFileReference; fileEncoding = 4; lastKnownFileType = text.json; path = Professors.json; sourceTree = "<group>"; };
		078A9CA720CD0F03005C7922 /* Professors.swift */ = {isa = PBXFileReference; lastKnownFileType = sourcecode.swift; path = Professors.swift; sourceTree = "<group>"; };
		078A9CA920CD0F0D005C7922 /* Professor.swift */ = {isa = PBXFileReference; lastKnownFileType = sourcecode.swift; path = Professor.swift; sourceTree = "<group>"; };
		078A9CAB20CD0F2D005C7922 /* Resource.swift */ = {isa = PBXFileReference; lastKnownFileType = sourcecode.swift; path = Resource.swift; sourceTree = "<group>"; };
		078A9CAE20CD1003005C7922 /* ProfessorListController.swift */ = {isa = PBXFileReference; fileEncoding = 4; lastKnownFileType = sourcecode.swift; path = ProfessorListController.swift; sourceTree = "<group>"; };
		078A9CAF20CD1003005C7922 /* ProfessorInfoCell.swift */ = {isa = PBXFileReference; fileEncoding = 4; lastKnownFileType = sourcecode.swift; path = ProfessorInfoCell.swift; sourceTree = "<group>"; };
		078A9CB020CD1003005C7922 /* ProfessorListView.swift */ = {isa = PBXFileReference; fileEncoding = 4; lastKnownFileType = sourcecode.swift; path = ProfessorListView.swift; sourceTree = "<group>"; };
		078A9CB120CD1003005C7922 /* ProfessorListViewModel.swift */ = {isa = PBXFileReference; fileEncoding = 4; lastKnownFileType = sourcecode.swift; path = ProfessorListViewModel.swift; sourceTree = "<group>"; };
		078A9CB720CD1D2B005C7922 /* UINavigationController+Additions.swift */ = {isa = PBXFileReference; lastKnownFileType = sourcecode.swift; path = "UINavigationController+Additions.swift"; sourceTree = "<group>"; };
		078A9CE120CD3C84005C7922 /* UILabel+Additions.swift */ = {isa = PBXFileReference; lastKnownFileType = sourcecode.swift; path = "UILabel+Additions.swift"; sourceTree = "<group>"; };
		07C004C620D9558E008B0C22 /* TVDataSourceConfigurable.swift */ = {isa = PBXFileReference; lastKnownFileType = sourcecode.swift; path = TVDataSourceConfigurable.swift; sourceTree = "<group>"; };
		07E4CB1520DBEA98006AA20D /* SignupViewController.swift */ = {isa = PBXFileReference; lastKnownFileType = sourcecode.swift; path = SignupViewController.swift; sourceTree = "<group>"; };
		07E4CB1D20DE561E006AA20D /* UIElementUtils.swift */ = {isa = PBXFileReference; lastKnownFileType = sourcecode.swift; path = UIElementUtils.swift; sourceTree = "<group>"; };
		07E4CB1F20E17834006AA20D /* SignupView.swift */ = {isa = PBXFileReference; lastKnownFileType = sourcecode.swift; path = SignupView.swift; sourceTree = "<group>"; };
		07E4CB2120E1783E006AA20D /* SignupViewModel.swift */ = {isa = PBXFileReference; lastKnownFileType = sourcecode.swift; path = SignupViewModel.swift; sourceTree = "<group>"; };
		1BC7600F35197A72ED6E87F3 /* Pods_Students.framework */ = {isa = PBXFileReference; explicitFileType = wrapper.framework; includeInIndex = 0; path = Pods_Students.framework; sourceTree = BUILT_PRODUCTS_DIR; };
		84FB46167DF0A03E1379160C /* Pods-Students.debug.xcconfig */ = {isa = PBXFileReference; includeInIndex = 1; lastKnownFileType = text.xcconfig; name = "Pods-Students.debug.xcconfig"; path = "Pods/Target Support Files/Pods-Students/Pods-Students.debug.xcconfig"; sourceTree = "<group>"; };
		B74405800BD67F11C91DAA84 /* Pods-Students.release.xcconfig */ = {isa = PBXFileReference; includeInIndex = 1; lastKnownFileType = text.xcconfig; name = "Pods-Students.release.xcconfig"; path = "Pods/Target Support Files/Pods-Students/Pods-Students.release.xcconfig"; sourceTree = "<group>"; };
		C67DF52620CE70E300748A15 /* UIColor+Additions.swift */ = {isa = PBXFileReference; lastKnownFileType = sourcecode.swift; path = "UIColor+Additions.swift"; sourceTree = "<group>"; };
		C67DF52920CEA26400748A15 /* Constants.swift */ = {isa = PBXFileReference; lastKnownFileType = sourcecode.swift; path = Constants.swift; sourceTree = "<group>"; };
		C67FCA8620DA7B7D00EBAE78 /* LoginViewController.swift */ = {isa = PBXFileReference; fileEncoding = 4; lastKnownFileType = sourcecode.swift; path = LoginViewController.swift; sourceTree = "<group>"; };
		C6F543A020D3C7E00015AC74 /* TableViewHelper.swift */ = {isa = PBXFileReference; fileEncoding = 4; lastKnownFileType = sourcecode.swift; path = TableViewHelper.swift; sourceTree = "<group>"; };
		C6F543A120D3C7E00015AC74 /* Resuable.swift */ = {isa = PBXFileReference; fileEncoding = 4; lastKnownFileType = sourcecode.swift; path = Resuable.swift; sourceTree = "<group>"; };
		D63B020620E206FA00613A22 /* UIViewController+Extension.swift */ = {isa = PBXFileReference; lastKnownFileType = sourcecode.swift; path = "UIViewController+Extension.swift"; sourceTree = "<group>"; };
		D63B020820E2384700613A22 /* LoginView.swift */ = {isa = PBXFileReference; lastKnownFileType = sourcecode.swift; path = LoginView.swift; sourceTree = "<group>"; };
		D63B020A20E23DC500613A22 /* LoginViewModel.swift */ = {isa = PBXFileReference; lastKnownFileType = sourcecode.swift; path = LoginViewModel.swift; sourceTree = "<group>"; };
/* End PBXFileReference section */

/* Begin PBXFrameworksBuildPhase section */
		071C9DD11FD5E892009E9D60 /* Frameworks */ = {
			isa = PBXFrameworksBuildPhase;
			buildActionMask = 2147483647;
			files = (
				AACE8F98A08C0DC3F466554A /* Pods_Students.framework in Frameworks */,
			);
			runOnlyForDeploymentPostprocessing = 0;
		};
/* End PBXFrameworksBuildPhase section */

/* Begin PBXGroup section */
		071C9DCB1FD5E892009E9D60 = {
			isa = PBXGroup;
			children = (
				071C9DD61FD5E892009E9D60 /* Students */,
				071C9DD51FD5E892009E9D60 /* Products */,
				75E0F89EDB26ED7AE65FDF24 /* Pods */,
				336CEA3A2871DD72F89D4F6B /* Frameworks */,
			);
			sourceTree = "<group>";
		};
		071C9DD51FD5E892009E9D60 /* Products */ = {
			isa = PBXGroup;
			children = (
				071C9DD41FD5E892009E9D60 /* Students.app */,
			);
			name = Products;
			sourceTree = "<group>";
		};
		071C9DD61FD5E892009E9D60 /* Students */ = {
			isa = PBXGroup;
			children = (
				071C9DD71FD5E892009E9D60 /* AppDelegate.swift */,
				07E4CB1D20DE561E006AA20D /* UIElementUtils.swift */,
				074D01D320F686E500628C48 /* SplashViewController.swift */,
				074D01D520F6871700628C48 /* SplashView.swift */,
				07E4CB1420DBEA79006AA20D /* Signup */,
				C67FCA8520DA7B6800EBAE78 /* Login */,
				078A9CA120CD043C005C7922 /* Students */,
				078A9CAD20CD1003005C7922 /* Professor */,
				078A9CB620CD1D04005C7922 /* Extension */,
				078A9CA220CD0458005C7922 /* Model */,
				078A9CA320CD0460005C7922 /* Helper */,
				C6F5439F20D3C7B30015AC74 /* TableViewHelper */,
				078A9CA420CD046F005C7922 /* Resource */,
				071C9DDE1FD5E892009E9D60 /* Assets.xcassets */,
				071C9DE01FD5E892009E9D60 /* LaunchScreen.storyboard */,
				071C9DE31FD5E892009E9D60 /* Info.plist */,
				074D01D120F6823B00628C48 /* GoogleService-Info.plist */,
			);
			path = Students;
			sourceTree = "<group>";
		};
		078A9CA120CD043C005C7922 /* Students */ = {
			isa = PBXGroup;
			children = (
				071C9DED1FD60C3D009E9D60 /* StudentListController.swift */,
				071C9DF11FD60D7C009E9D60 /* StudentListView.swift */,
				071C9DF31FD60D91009E9D60 /* StudentListViewModel.swift */,
				071C9DEF1FD60C7F009E9D60 /* StudentInfoCell.swift */,
			);
			path = Students;
			sourceTree = "<group>";
		};
		078A9CA220CD0458005C7922 /* Model */ = {
			isa = PBXGroup;
			children = (
				078A9CAB20CD0F2D005C7922 /* Resource.swift */,
				071C9DE91FD60A4B009E9D60 /* Students.swift */,
				071C9DEB1FD60A65009E9D60 /* Student.swift */,
				078A9CA720CD0F03005C7922 /* Professors.swift */,
				078A9CA920CD0F0D005C7922 /* Professor.swift */,
			);
			path = Model;
			sourceTree = "<group>";
		};
		078A9CA320CD0460005C7922 /* Helper */ = {
			isa = PBXGroup;
			children = (
				078A9C9F20CBFE72005C7922 /* JSONLoader.swift */,
				074D01CD20F6805000628C48 /* Result.swift */,
				C67DF52920CEA26400748A15 /* Constants.swift */,
			);
			path = Helper;
			sourceTree = "<group>";
		};
		078A9CA420CD046F005C7922 /* Resource */ = {
			isa = PBXGroup;
			children = (
				078A9C9B20CBAF1F005C7922 /* Students.json */,
				078A9CA520CD0EE3005C7922 /* Professors.json */,
			);
			path = Resource;
			sourceTree = "<group>";
		};
		078A9CAD20CD1003005C7922 /* Professor */ = {
			isa = PBXGroup;
			children = (
				078A9CAE20CD1003005C7922 /* ProfessorListController.swift */,
				078A9CB020CD1003005C7922 /* ProfessorListView.swift */,
				078A9CB120CD1003005C7922 /* ProfessorListViewModel.swift */,
				078A9CAF20CD1003005C7922 /* ProfessorInfoCell.swift */,
			);
			path = Professor;
			sourceTree = "<group>";
		};
		078A9CB620CD1D04005C7922 /* Extension */ = {
			isa = PBXGroup;
			children = (
				078A9CB720CD1D2B005C7922 /* UINavigationController+Additions.swift */,
				078A9CE120CD3C84005C7922 /* UILabel+Additions.swift */,
				C67DF52620CE70E300748A15 /* UIColor+Additions.swift */,
				D63B020620E206FA00613A22 /* UIViewController+Extension.swift */,
				074D01CB20F67BA700628C48 /* UIView+Extensions.swift */,
			);
			path = Extension;
			sourceTree = "<group>";
		};
		07E4CB1420DBEA79006AA20D /* Signup */ = {
			isa = PBXGroup;
			children = (
				07E4CB1520DBEA98006AA20D /* SignupViewController.swift */,
				07E4CB1F20E17834006AA20D /* SignupView.swift */,
				07E4CB2120E1783E006AA20D /* SignupViewModel.swift */,
			);
			path = Signup;
			sourceTree = "<group>";
		};
		336CEA3A2871DD72F89D4F6B /* Frameworks */ = {
			isa = PBXGroup;
			children = (
				1BC7600F35197A72ED6E87F3 /* Pods_Students.framework */,
			);
			name = Frameworks;
			sourceTree = "<group>";
		};
		75E0F89EDB26ED7AE65FDF24 /* Pods */ = {
			isa = PBXGroup;
			children = (
				84FB46167DF0A03E1379160C /* Pods-Students.debug.xcconfig */,
				B74405800BD67F11C91DAA84 /* Pods-Students.release.xcconfig */,
			);
			name = Pods;
			sourceTree = "<group>";
		};
		C67FCA8520DA7B6800EBAE78 /* Login */ = {
			isa = PBXGroup;
			children = (
				C67FCA8620DA7B7D00EBAE78 /* LoginViewController.swift */,
				D63B020820E2384700613A22 /* LoginView.swift */,
				D63B020A20E23DC500613A22 /* LoginViewModel.swift */,
			);
			path = Login;
			sourceTree = "<group>";
		};
		C6F5439F20D3C7B30015AC74 /* TableViewHelper */ = {
			isa = PBXGroup;
			children = (
				C6F543A020D3C7E00015AC74 /* TableViewHelper.swift */,
				07C004C620D9558E008B0C22 /* TVDataSourceConfigurable.swift */,
				C6F543A120D3C7E00015AC74 /* Resuable.swift */,
			);
			path = TableViewHelper;
			sourceTree = "<group>";
		};
/* End PBXGroup section */

/* Begin PBXNativeTarget section */
		071C9DD31FD5E892009E9D60 /* Students */ = {
			isa = PBXNativeTarget;
			buildConfigurationList = 071C9DE61FD5E892009E9D60 /* Build configuration list for PBXNativeTarget "Students" */;
			buildPhases = (
				8B1A71D3DFBEF627C1606F24 /* [CP] Check Pods Manifest.lock */,
				071C9DD01FD5E892009E9D60 /* Sources */,
				071C9DD11FD5E892009E9D60 /* Frameworks */,
				071C9DD21FD5E892009E9D60 /* Resources */,
				BEA851E5533C733A4E5DB755 /* [CP] Embed Pods Frameworks */,
			);
			buildRules = (
			);
			dependencies = (
			);
			name = Students;
			productName = Students;
			productReference = 071C9DD41FD5E892009E9D60 /* Students.app */;
			productType = "com.apple.product-type.application";
		};
/* End PBXNativeTarget section */

/* Begin PBXProject section */
		071C9DCC1FD5E892009E9D60 /* Project object */ = {
			isa = PBXProject;
			attributes = {
				LastSwiftUpdateCheck = 0910;
				LastUpgradeCheck = 0930;
				ORGANIZATIONNAME = DrawRect;
				TargetAttributes = {
					071C9DD31FD5E892009E9D60 = {
						CreatedOnToolsVersion = 9.1;
						ProvisioningStyle = Automatic;
					};
				};
			};
			buildConfigurationList = 071C9DCF1FD5E892009E9D60 /* Build configuration list for PBXProject "Students" */;
			compatibilityVersion = "Xcode 8.0";
			developmentRegion = en;
			hasScannedForEncodings = 0;
			knownRegions = (
				en,
				Base,
			);
			mainGroup = 071C9DCB1FD5E892009E9D60;
			productRefGroup = 071C9DD51FD5E892009E9D60 /* Products */;
			projectDirPath = "";
			projectRoot = "";
			targets = (
				071C9DD31FD5E892009E9D60 /* Students */,
			);
		};
/* End PBXProject section */

/* Begin PBXResourcesBuildPhase section */
		071C9DD21FD5E892009E9D60 /* Resources */ = {
			isa = PBXResourcesBuildPhase;
			buildActionMask = 2147483647;
			files = (
				071C9DE21FD5E892009E9D60 /* LaunchScreen.storyboard in Resources */,
				078A9CA620CD0EE3005C7922 /* Professors.json in Resources */,
				074D01D220F6823B00628C48 /* GoogleService-Info.plist in Resources */,
				078A9C9C20CBAF1F005C7922 /* Students.json in Resources */,
				071C9DDF1FD5E892009E9D60 /* Assets.xcassets in Resources */,
			);
			runOnlyForDeploymentPostprocessing = 0;
		};
/* End PBXResourcesBuildPhase section */

/* Begin PBXShellScriptBuildPhase section */
		8B1A71D3DFBEF627C1606F24 /* [CP] Check Pods Manifest.lock */ = {
			isa = PBXShellScriptBuildPhase;
			buildActionMask = 2147483647;
			files = (
			);
			inputPaths = (
				"${PODS_PODFILE_DIR_PATH}/Podfile.lock",
				"${PODS_ROOT}/Manifest.lock",
			);
			name = "[CP] Check Pods Manifest.lock";
			outputPaths = (
				"$(DERIVED_FILE_DIR)/Pods-Students-checkManifestLockResult.txt",
			);
			runOnlyForDeploymentPostprocessing = 0;
			shellPath = /bin/sh;
			shellScript = "diff \"${PODS_PODFILE_DIR_PATH}/Podfile.lock\" \"${PODS_ROOT}/Manifest.lock\" > /dev/null\nif [ $? != 0 ] ; then\n    # print error to STDERR\n    echo \"error: The sandbox is not in sync with the Podfile.lock. Run 'pod install' or update your CocoaPods installation.\" >&2\n    exit 1\nfi\n# This output is used by Xcode 'outputs' to avoid re-running this script phase.\necho \"SUCCESS\" > \"${SCRIPT_OUTPUT_FILE_0}\"\n";
			showEnvVarsInLog = 0;
		};
		BEA851E5533C733A4E5DB755 /* [CP] Embed Pods Frameworks */ = {
			isa = PBXShellScriptBuildPhase;
			buildActionMask = 2147483647;
			files = (
			);
			inputPaths = (
				"${SRCROOT}/Pods/Target Support Files/Pods-Students/Pods-Students-frameworks.sh",
				"${BUILT_PRODUCTS_DIR}/GTMSessionFetcher/GTMSessionFetcher.framework",
				"${BUILT_PRODUCTS_DIR}/GoogleToolboxForMac/GoogleToolboxForMac.framework",
				"${BUILT_PRODUCTS_DIR}/Overture/Overture.framework",
				"${BUILT_PRODUCTS_DIR}/nanopb/nanopb.framework",
			);
			name = "[CP] Embed Pods Frameworks";
			outputPaths = (
				"${TARGET_BUILD_DIR}/${FRAMEWORKS_FOLDER_PATH}/GTMSessionFetcher.framework",
				"${TARGET_BUILD_DIR}/${FRAMEWORKS_FOLDER_PATH}/GoogleToolboxForMac.framework",
				"${TARGET_BUILD_DIR}/${FRAMEWORKS_FOLDER_PATH}/Overture.framework",
				"${TARGET_BUILD_DIR}/${FRAMEWORKS_FOLDER_PATH}/nanopb.framework",
			);
			runOnlyForDeploymentPostprocessing = 0;
			shellPath = /bin/sh;
			shellScript = "\"${SRCROOT}/Pods/Target Support Files/Pods-Students/Pods-Students-frameworks.sh\"\n";
			showEnvVarsInLog = 0;
		};
/* End PBXShellScriptBuildPhase section */

/* Begin PBXSourcesBuildPhase section */
		071C9DD01FD5E892009E9D60 /* Sources */ = {
			isa = PBXSourcesBuildPhase;
			buildActionMask = 2147483647;
			files = (
				07E4CB2220E1783E006AA20D /* SignupViewModel.swift in Sources */,
				D63B020920E2384700613A22 /* LoginView.swift in Sources */,
				078A9CB420CD1003005C7922 /* ProfessorListView.swift in Sources */,
				C67DF52A20CEA26400748A15 /* Constants.swift in Sources */,
				078A9CA820CD0F03005C7922 /* Professors.swift in Sources */,
				C67FCA8720DA7B7D00EBAE78 /* LoginViewController.swift in Sources */,
				074D01CE20F6805000628C48 /* Result.swift in Sources */,
				078A9CB320CD1003005C7922 /* ProfessorInfoCell.swift in Sources */,
				071C9DD81FD5E892009E9D60 /* AppDelegate.swift in Sources */,
				D63B020B20E23DC500613A22 /* LoginViewModel.swift in Sources */,
				078A9CA020CBFE72005C7922 /* JSONLoader.swift in Sources */,
				07E4CB1E20DE561E006AA20D /* UIElementUtils.swift in Sources */,
				078A9CB520CD1003005C7922 /* ProfessorListViewModel.swift in Sources */,
				078A9CAC20CD0F2D005C7922 /* Resource.swift in Sources */,
				071C9DF01FD60C7F009E9D60 /* StudentInfoCell.swift in Sources */,
				078A9CB220CD1003005C7922 /* ProfessorListController.swift in Sources */,
				071C9DF21FD60D7C009E9D60 /* StudentListView.swift in Sources */,
				071C9DEE1FD60C3D009E9D60 /* StudentListController.swift in Sources */,
				07C004C720D9558E008B0C22 /* TVDataSourceConfigurable.swift in Sources */,
				074D01D620F6871700628C48 /* SplashView.swift in Sources */,
				071C9DEC1FD60A65009E9D60 /* Student.swift in Sources */,
				078A9CE220CD3C84005C7922 /* UILabel+Additions.swift in Sources */,
				074D01D420F686E500628C48 /* SplashViewController.swift in Sources */,
				078A9CAA20CD0F0D005C7922 /* Professor.swift in Sources */,
				078A9CB820CD1D2B005C7922 /* UINavigationController+Additions.swift in Sources */,
				07E4CB1620DBEA98006AA20D /* SignupViewController.swift in Sources */,
				C6F543A320D3C7E00015AC74 /* Resuable.swift in Sources */,
				D63B020720E206FA00613A22 /* UIViewController+Extension.swift in Sources */,
				071C9DF41FD60D91009E9D60 /* StudentListViewModel.swift in Sources */,
				071C9DEA1FD60A4B009E9D60 /* Students.swift in Sources */,
				C67DF52720CE70E300748A15 /* UIColor+Additions.swift in Sources */,
				074D01CC20F67BA700628C48 /* UIView+Extensions.swift in Sources */,
				07E4CB2020E17834006AA20D /* SignupView.swift in Sources */,
				C6F543A220D3C7E00015AC74 /* TableViewHelper.swift in Sources */,
			);
			runOnlyForDeploymentPostprocessing = 0;
		};
/* End PBXSourcesBuildPhase section */

/* Begin PBXVariantGroup section */
		071C9DE01FD5E892009E9D60 /* LaunchScreen.storyboard */ = {
			isa = PBXVariantGroup;
			children = (
				071C9DE11FD5E892009E9D60 /* Base */,
			);
			name = LaunchScreen.storyboard;
			sourceTree = "<group>";
		};
/* End PBXVariantGroup section */

/* Begin XCBuildConfiguration section */
		071C9DE41FD5E892009E9D60 /* Debug */ = {
			isa = XCBuildConfiguration;
			buildSettings = {
				ALWAYS_SEARCH_USER_PATHS = NO;
				CLANG_ANALYZER_NONNULL = YES;
				CLANG_ANALYZER_NUMBER_OBJECT_CONVERSION = YES_AGGRESSIVE;
				CLANG_CXX_LANGUAGE_STANDARD = "gnu++14";
				CLANG_CXX_LIBRARY = "libc++";
				CLANG_ENABLE_MODULES = YES;
				CLANG_ENABLE_OBJC_ARC = YES;
				CLANG_WARN_BLOCK_CAPTURE_AUTORELEASING = YES;
				CLANG_WARN_BOOL_CONVERSION = YES;
				CLANG_WARN_COMMA = YES;
				CLANG_WARN_CONSTANT_CONVERSION = YES;
				CLANG_WARN_DEPRECATED_OBJC_IMPLEMENTATIONS = YES;
				CLANG_WARN_DIRECT_OBJC_ISA_USAGE = YES_ERROR;
				CLANG_WARN_DOCUMENTATION_COMMENTS = YES;
				CLANG_WARN_EMPTY_BODY = YES;
				CLANG_WARN_ENUM_CONVERSION = YES;
				CLANG_WARN_INFINITE_RECURSION = YES;
				CLANG_WARN_INT_CONVERSION = YES;
				CLANG_WARN_NON_LITERAL_NULL_CONVERSION = YES;
				CLANG_WARN_OBJC_IMPLICIT_RETAIN_SELF = YES;
				CLANG_WARN_OBJC_LITERAL_CONVERSION = YES;
				CLANG_WARN_OBJC_ROOT_CLASS = YES_ERROR;
				CLANG_WARN_RANGE_LOOP_ANALYSIS = YES;
				CLANG_WARN_STRICT_PROTOTYPES = YES;
				CLANG_WARN_SUSPICIOUS_MOVE = YES;
				CLANG_WARN_UNGUARDED_AVAILABILITY = YES_AGGRESSIVE;
				CLANG_WARN_UNREACHABLE_CODE = YES;
				CLANG_WARN__DUPLICATE_METHOD_MATCH = YES;
				CODE_SIGN_IDENTITY = "iPhone Developer";
				COPY_PHASE_STRIP = NO;
				DEBUG_INFORMATION_FORMAT = dwarf;
				ENABLE_STRICT_OBJC_MSGSEND = YES;
				ENABLE_TESTABILITY = YES;
				GCC_C_LANGUAGE_STANDARD = gnu11;
				GCC_DYNAMIC_NO_PIC = NO;
				GCC_NO_COMMON_BLOCKS = YES;
				GCC_OPTIMIZATION_LEVEL = 0;
				GCC_PREPROCESSOR_DEFINITIONS = (
					"DEBUG=1",
					"$(inherited)",
				);
				GCC_WARN_64_TO_32_BIT_CONVERSION = YES;
				GCC_WARN_ABOUT_RETURN_TYPE = YES_ERROR;
				GCC_WARN_UNDECLARED_SELECTOR = YES;
				GCC_WARN_UNINITIALIZED_AUTOS = YES_AGGRESSIVE;
				GCC_WARN_UNUSED_FUNCTION = YES;
				GCC_WARN_UNUSED_VARIABLE = YES;
				IPHONEOS_DEPLOYMENT_TARGET = 10.3;
				MTL_ENABLE_DEBUG_INFO = YES;
				ONLY_ACTIVE_ARCH = YES;
				SDKROOT = iphoneos;
				SWIFT_ACTIVE_COMPILATION_CONDITIONS = DEBUG;
				SWIFT_OPTIMIZATION_LEVEL = "-Onone";
			};
			name = Debug;
		};
		071C9DE51FD5E892009E9D60 /* Release */ = {
			isa = XCBuildConfiguration;
			buildSettings = {
				ALWAYS_SEARCH_USER_PATHS = NO;
				CLANG_ANALYZER_NONNULL = YES;
				CLANG_ANALYZER_NUMBER_OBJECT_CONVERSION = YES_AGGRESSIVE;
				CLANG_CXX_LANGUAGE_STANDARD = "gnu++14";
				CLANG_CXX_LIBRARY = "libc++";
				CLANG_ENABLE_MODULES = YES;
				CLANG_ENABLE_OBJC_ARC = YES;
				CLANG_WARN_BLOCK_CAPTURE_AUTORELEASING = YES;
				CLANG_WARN_BOOL_CONVERSION = YES;
				CLANG_WARN_COMMA = YES;
				CLANG_WARN_CONSTANT_CONVERSION = YES;
				CLANG_WARN_DEPRECATED_OBJC_IMPLEMENTATIONS = YES;
				CLANG_WARN_DIRECT_OBJC_ISA_USAGE = YES_ERROR;
				CLANG_WARN_DOCUMENTATION_COMMENTS = YES;
				CLANG_WARN_EMPTY_BODY = YES;
				CLANG_WARN_ENUM_CONVERSION = YES;
				CLANG_WARN_INFINITE_RECURSION = YES;
				CLANG_WARN_INT_CONVERSION = YES;
				CLANG_WARN_NON_LITERAL_NULL_CONVERSION = YES;
				CLANG_WARN_OBJC_IMPLICIT_RETAIN_SELF = YES;
				CLANG_WARN_OBJC_LITERAL_CONVERSION = YES;
				CLANG_WARN_OBJC_ROOT_CLASS = YES_ERROR;
				CLANG_WARN_RANGE_LOOP_ANALYSIS = YES;
				CLANG_WARN_STRICT_PROTOTYPES = YES;
				CLANG_WARN_SUSPICIOUS_MOVE = YES;
				CLANG_WARN_UNGUARDED_AVAILABILITY = YES_AGGRESSIVE;
				CLANG_WARN_UNREACHABLE_CODE = YES;
				CLANG_WARN__DUPLICATE_METHOD_MATCH = YES;
				CODE_SIGN_IDENTITY = "iPhone Developer";
				COPY_PHASE_STRIP = NO;
				DEBUG_INFORMATION_FORMAT = "dwarf-with-dsym";
				ENABLE_NS_ASSERTIONS = NO;
				ENABLE_STRICT_OBJC_MSGSEND = YES;
				GCC_C_LANGUAGE_STANDARD = gnu11;
				GCC_NO_COMMON_BLOCKS = YES;
				GCC_WARN_64_TO_32_BIT_CONVERSION = YES;
				GCC_WARN_ABOUT_RETURN_TYPE = YES_ERROR;
				GCC_WARN_UNDECLARED_SELECTOR = YES;
				GCC_WARN_UNINITIALIZED_AUTOS = YES_AGGRESSIVE;
				GCC_WARN_UNUSED_FUNCTION = YES;
				GCC_WARN_UNUSED_VARIABLE = YES;
				IPHONEOS_DEPLOYMENT_TARGET = 10.3;
				MTL_ENABLE_DEBUG_INFO = NO;
				SDKROOT = iphoneos;
				SWIFT_OPTIMIZATION_LEVEL = "-Owholemodule";
				VALIDATE_PRODUCT = YES;
			};
			name = Release;
		};
		071C9DE71FD5E892009E9D60 /* Debug */ = {
			isa = XCBuildConfiguration;
			baseConfigurationReference = 84FB46167DF0A03E1379160C /* Pods-Students.debug.xcconfig */;
			buildSettings = {
				ASSETCATALOG_COMPILER_APPICON_NAME = AppIcon;
				CODE_SIGN_STYLE = Automatic;
				DEVELOPMENT_TEAM = 35P9S7STBV;
				INFOPLIST_FILE = Students/Info.plist;
				IPHONEOS_DEPLOYMENT_TARGET = 10.0;
				LD_RUNPATH_SEARCH_PATHS = "$(inherited) @executable_path/Frameworks";
				PRODUCT_BUNDLE_IDENTIFIER = com.drawrect.students;
				PRODUCT_NAME = "$(TARGET_NAME)";
				SWIFT_VERSION = 4.0;
				TARGETED_DEVICE_FAMILY = "1,2";
			};
			name = Debug;
		};
		071C9DE81FD5E892009E9D60 /* Release */ = {
			isa = XCBuildConfiguration;
			baseConfigurationReference = B74405800BD67F11C91DAA84 /* Pods-Students.release.xcconfig */;
			buildSettings = {
				ASSETCATALOG_COMPILER_APPICON_NAME = AppIcon;
				CODE_SIGN_STYLE = Automatic;
				DEVELOPMENT_TEAM = 35P9S7STBV;
				INFOPLIST_FILE = Students/Info.plist;
				IPHONEOS_DEPLOYMENT_TARGET = 10.0;
				LD_RUNPATH_SEARCH_PATHS = "$(inherited) @executable_path/Frameworks";
				PRODUCT_BUNDLE_IDENTIFIER = com.drawrect.students;
				PRODUCT_NAME = "$(TARGET_NAME)";
				SWIFT_VERSION = 4.0;
				TARGETED_DEVICE_FAMILY = "1,2";
			};
			name = Release;
		};
/* End XCBuildConfiguration section */

/* Begin XCConfigurationList section */
		071C9DCF1FD5E892009E9D60 /* Build configuration list for PBXProject "Students" */ = {
			isa = XCConfigurationList;
			buildConfigurations = (
				071C9DE41FD5E892009E9D60 /* Debug */,
				071C9DE51FD5E892009E9D60 /* Release */,
			);
			defaultConfigurationIsVisible = 0;
			defaultConfigurationName = Release;
		};
		071C9DE61FD5E892009E9D60 /* Build configuration list for PBXNativeTarget "Students" */ = {
			isa = XCConfigurationList;
			buildConfigurations = (
				071C9DE71FD5E892009E9D60 /* Debug */,
				071C9DE81FD5E892009E9D60 /* Release */,
			);
			defaultConfigurationIsVisible = 0;
			defaultConfigurationName = Release;
		};
/* End XCConfigurationList section */
	};
	rootObject = 071C9DCC1FD5E892009E9D60 /* Project object */;
}
