// !$*UTF8*$!
{
	archiveVersion = 1;
	classes = {
	};
	objectVersion = 48;
	objects = {

/* Begin PBXBuildFile section */
		071C9DD81FD5E892009E9D60 /* AppDelegate.swift in Sources */ = {isa = PBXBuildFile; fileRef = 071C9DD71FD5E892009E9D60 /* AppDelegate.swift */; };
		071C9DDF1FD5E892009E9D60 /* Assets.xcassets in Resources */ = {isa = PBXBuildFile; fileRef = 071C9DDE1FD5E892009E9D60 /* Assets.xcassets */; };
		071C9DE21FD5E892009E9D60 /* LaunchScreen.storyboard in Resources */ = {isa = PBXBuildFile; fileRef = 071C9DE01FD5E892009E9D60 /* LaunchScreen.storyboard */; };
		071C9DEA1FD60A4B009E9D60 /* Students.swift in Sources */ = {isa = PBXBuildFile; fileRef = 071C9DE91FD60A4B009E9D60 /* Students.swift */; };
		071C9DEC1FD60A65009E9D60 /* Student.swift in Sources */ = {isa = PBXBuildFile; fileRef = 071C9DEB1FD60A65009E9D60 /* Student.swift */; };
		071C9DEE1FD60C3D009E9D60 /* StudentListController.swift in Sources */ = {isa = PBXBuildFile; fileRef = 071C9DED1FD60C3D009E9D60 /* StudentListController.swift */; };
		071C9DF01FD60C7F009E9D60 /* StudentInfoCell.swift in Sources */ = {isa = PBXBuildFile; fileRef = 071C9DEF1FD60C7F009E9D60 /* StudentInfoCell.swift */; };
		071C9DF21FD60D7C009E9D60 /* StudentListView.swift in Sources */ = {isa = PBXBuildFile; fileRef = 071C9DF11FD60D7C009E9D60 /* StudentListView.swift */; };
		071C9DF41FD60D91009E9D60 /* StudentListViewModel.swift in Sources */ = {isa = PBXBuildFile; fileRef = 071C9DF31FD60D91009E9D60 /* StudentListViewModel.swift */; };
		078A9C9C20CBAF1F005C7922 /* Students.json in Resources */ = {isa = PBXBuildFile; fileRef = 078A9C9B20CBAF1F005C7922 /* Students.json */; };
		078A9C9E20CBFBCE005C7922 /* StudentsListDataSource.swift in Sources */ = {isa = PBXBuildFile; fileRef = 078A9C9D20CBFBCE005C7922 /* StudentsListDataSource.swift */; };
		078A9CA020CBFE72005C7922 /* JSONLoader.swift in Sources */ = {isa = PBXBuildFile; fileRef = 078A9C9F20CBFE72005C7922 /* JSONLoader.swift */; };
/* End PBXBuildFile section */

/* Begin PBXFileReference section */
		071C9DD41FD5E892009E9D60 /* Students.app */ = {isa = PBXFileReference; explicitFileType = wrapper.application; includeInIndex = 0; path = Students.app; sourceTree = BUILT_PRODUCTS_DIR; };
		071C9DD71FD5E892009E9D60 /* AppDelegate.swift */ = {isa = PBXFileReference; lastKnownFileType = sourcecode.swift; path = AppDelegate.swift; sourceTree = "<group>"; };
		071C9DDE1FD5E892009E9D60 /* Assets.xcassets */ = {isa = PBXFileReference; lastKnownFileType = folder.assetcatalog; path = Assets.xcassets; sourceTree = "<group>"; };
		071C9DE11FD5E892009E9D60 /* Base */ = {isa = PBXFileReference; lastKnownFileType = file.storyboard; name = Base; path = Base.lproj/LaunchScreen.storyboard; sourceTree = "<group>"; };
		071C9DE31FD5E892009E9D60 /* Info.plist */ = {isa = PBXFileReference; lastKnownFileType = text.plist.xml; path = Info.plist; sourceTree = "<group>"; };
		071C9DE91FD60A4B009E9D60 /* Students.swift */ = {isa = PBXFileReference; lastKnownFileType = sourcecode.swift; path = Students.swift; sourceTree = "<group>"; };
		071C9DEB1FD60A65009E9D60 /* Student.swift */ = {isa = PBXFileReference; lastKnownFileType = sourcecode.swift; path = Student.swift; sourceTree = "<group>"; };
		071C9DED1FD60C3D009E9D60 /* StudentListController.swift */ = {isa = PBXFileReference; lastKnownFileType = sourcecode.swift; path = StudentListController.swift; sourceTree = "<group>"; };
		071C9DEF1FD60C7F009E9D60 /* StudentInfoCell.swift */ = {isa = PBXFileReference; lastKnownFileType = sourcecode.swift; path = StudentInfoCell.swift; sourceTree = "<group>"; };
		071C9DF11FD60D7C009E9D60 /* StudentListView.swift */ = {isa = PBXFileReference; lastKnownFileType = sourcecode.swift; path = StudentListView.swift; sourceTree = "<group>"; };
		071C9DF31FD60D91009E9D60 /* StudentListViewModel.swift */ = {isa = PBXFileReference; lastKnownFileType = sourcecode.swift; path = StudentListViewModel.swift; sourceTree = "<group>"; };
		078A9C9B20CBAF1F005C7922 /* Students.json */ = {isa = PBXFileReference; fileEncoding = 4; lastKnownFileType = text.json; path = Students.json; sourceTree = "<group>"; };
		078A9C9D20CBFBCE005C7922 /* StudentsListDataSource.swift */ = {isa = PBXFileReference; lastKnownFileType = sourcecode.swift; path = StudentsListDataSource.swift; sourceTree = "<group>"; };
		078A9C9F20CBFE72005C7922 /* JSONLoader.swift */ = {isa = PBXFileReference; lastKnownFileType = sourcecode.swift; path = JSONLoader.swift; sourceTree = "<group>"; };
/* End PBXFileReference section */

/* Begin PBXFrameworksBuildPhase section */
		071C9DD11FD5E892009E9D60 /* Frameworks */ = {
			isa = PBXFrameworksBuildPhase;
			buildActionMask = 2147483647;
			files = (
			);
			runOnlyForDeploymentPostprocessing = 0;
		};
/* End PBXFrameworksBuildPhase section */

/* Begin PBXGroup section */
		071C9DCB1FD5E892009E9D60 = {
			isa = PBXGroup;
			children = (
				071C9DD61FD5E892009E9D60 /* Students */,
				071C9DD51FD5E892009E9D60 /* Products */,
			);
			sourceTree = "<group>";
		};
		071C9DD51FD5E892009E9D60 /* Products */ = {
			isa = PBXGroup;
			children = (
				071C9DD41FD5E892009E9D60 /* Students.app */,
			);
			name = Products;
			sourceTree = "<group>";
		};
		071C9DD61FD5E892009E9D60 /* Students */ = {
			isa = PBXGroup;
			children = (
				071C9DD71FD5E892009E9D60 /* AppDelegate.swift */,
				071C9DED1FD60C3D009E9D60 /* StudentListController.swift */,
				078A9C9D20CBFBCE005C7922 /* StudentsListDataSource.swift */,
				071C9DF11FD60D7C009E9D60 /* StudentListView.swift */,
				071C9DF31FD60D91009E9D60 /* StudentListViewModel.swift */,
				071C9DEF1FD60C7F009E9D60 /* StudentInfoCell.swift */,
				071C9DE91FD60A4B009E9D60 /* Students.swift */,
				071C9DEB1FD60A65009E9D60 /* Student.swift */,
				078A9C9F20CBFE72005C7922 /* JSONLoader.swift */,
				078A9C9B20CBAF1F005C7922 /* Students.json */,
				071C9DDE1FD5E892009E9D60 /* Assets.xcassets */,
				071C9DE01FD5E892009E9D60 /* LaunchScreen.storyboard */,
				071C9DE31FD5E892009E9D60 /* Info.plist */,
			);
			path = Students;
			sourceTree = "<group>";
		};
/* End PBXGroup section */

/* Begin PBXNativeTarget section */
		071C9DD31FD5E892009E9D60 /* Students */ = {
			isa = PBXNativeTarget;
			buildConfigurationList = 071C9DE61FD5E892009E9D60 /* Build configuration list for PBXNativeTarget "Students" */;
			buildPhases = (
				071C9DD01FD5E892009E9D60 /* Sources */,
				071C9DD11FD5E892009E9D60 /* Frameworks */,
				071C9DD21FD5E892009E9D60 /* Resources */,
			);
			buildRules = (
			);
			dependencies = (
			);
			name = Students;
			productName = Students;
			productReference = 071C9DD41FD5E892009E9D60 /* Students.app */;
			productType = "com.apple.product-type.application";
		};
/* End PBXNativeTarget section */

/* Begin PBXProject section */
		071C9DCC1FD5E892009E9D60 /* Project object */ = {
			isa = PBXProject;
			attributes = {
				LastSwiftUpdateCheck = 0910;
				LastUpgradeCheck = 0910;
				ORGANIZATIONNAME = Dash;
				TargetAttributes = {
					071C9DD31FD5E892009E9D60 = {
						CreatedOnToolsVersion = 9.1;
						ProvisioningStyle = Automatic;
					};
				};
			};
			buildConfigurationList = 071C9DCF1FD5E892009E9D60 /* Build configuration list for PBXProject "Students" */;
			compatibilityVersion = "Xcode 8.0";
			developmentRegion = en;
			hasScannedForEncodings = 0;
			knownRegions = (
				en,
				Base,
			);
			mainGroup = 071C9DCB1FD5E892009E9D60;
			productRefGroup = 071C9DD51FD5E892009E9D60 /* Products */;
			projectDirPath = "";
			projectRoot = "";
			targets = (
				071C9DD31FD5E892009E9D60 /* Students */,
			);
		};
/* End PBXProject section */

/* Begin PBXResourcesBuildPhase section */
		071C9DD21FD5E892009E9D60 /* Resources */ = {
			isa = PBXResourcesBuildPhase;
			buildActionMask = 2147483647;
			files = (
				071C9DE21FD5E892009E9D60 /* LaunchScreen.storyboard in Resources */,
				078A9C9C20CBAF1F005C7922 /* Students.json in Resources */,
				071C9DDF1FD5E892009E9D60 /* Assets.xcassets in Resources */,
			);
			runOnlyForDeploymentPostprocessing = 0;
		};
/* End PBXResourcesBuildPhase section */

/* Begin PBXSourcesBuildPhase section */
		071C9DD01FD5E892009E9D60 /* Sources */ = {
			isa = PBXSourcesBuildPhase;
			buildActionMask = 2147483647;
			files = (
				078A9C9E20CBFBCE005C7922 /* StudentsListDataSource.swift in Sources */,
				071C9DD81FD5E892009E9D60 /* AppDelegate.swift in Sources */,
				078A9CA020CBFE72005C7922 /* JSONLoader.swift in Sources */,
				071C9DF01FD60C7F009E9D60 /* StudentInfoCell.swift in Sources */,
				071C9DF21FD60D7C009E9D60 /* StudentListView.swift in Sources */,
				071C9DEE1FD60C3D009E9D60 /* StudentListController.swift in Sources */,
				071C9DEC1FD60A65009E9D60 /* Student.swift in Sources */,
				071C9DF41FD60D91009E9D60 /* StudentListViewModel.swift in Sources */,
				071C9DEA1FD60A4B009E9D60 /* Students.swift in Sources */,
			);
			runOnlyForDeploymentPostprocessing = 0;
		};
/* End PBXSourcesBuildPhase section */

/* Begin PBXVariantGroup section */
		071C9DE01FD5E892009E9D60 /* LaunchScreen.storyboard */ = {
			isa = PBXVariantGroup;
			children = (
				071C9DE11FD5E892009E9D60 /* Base */,
			);
			name = LaunchScreen.storyboard;
			sourceTree = "<group>";
		};
/* End PBXVariantGroup section */

/* Begin XCBuildConfiguration section */
		071C9DE41FD5E892009E9D60 /* Debug */ = {
			isa = XCBuildConfiguration;
			buildSettings = {
				ALWAYS_SEARCH_USER_PATHS = NO;
				CLANG_ANALYZER_NONNULL = YES;
				CLANG_ANALYZER_NUMBER_OBJECT_CONVERSION = YES_AGGRESSIVE;
				CLANG_CXX_LANGUAGE_STANDARD = "gnu++14";
				CLANG_CXX_LIBRARY = "libc++";
				CLANG_ENABLE_MODULES = YES;
				CLANG_ENABLE_OBJC_ARC = YES;
				CLANG_WARN_BLOCK_CAPTURE_AUTORELEASING = YES;
				CLANG_WARN_BOOL_CONVERSION = YES;
				CLANG_WARN_COMMA = YES;
				CLANG_WARN_CONSTANT_CONVERSION = YES;
				CLANG_WARN_DIRECT_OBJC_ISA_USAGE = YES_ERROR;
				CLANG_WARN_DOCUMENTATION_COMMENTS = YES;
				CLANG_WARN_EMPTY_BODY = YES;
				CLANG_WARN_ENUM_CONVERSION = YES;
				CLANG_WARN_INFINITE_RECURSION = YES;
				CLANG_WARN_INT_CONVERSION = YES;
				CLANG_WARN_NON_LITERAL_NULL_CONVERSION = YES;
				CLANG_WARN_OBJC_LITERAL_CONVERSION = YES;
				CLANG_WARN_OBJC_ROOT_CLASS = YES_ERROR;
				CLANG_WARN_RANGE_LOOP_ANALYSIS = YES;
				CLANG_WARN_STRICT_PROTOTYPES = YES;
				CLANG_WARN_SUSPICIOUS_MOVE = YES;
				CLANG_WARN_UNGUARDED_AVAILABILITY = YES_AGGRESSIVE;
				CLANG_WARN_UNREACHABLE_CODE = YES;
				CLANG_WARN__DUPLICATE_METHOD_MATCH = YES;
				CODE_SIGN_IDENTITY = "iPhone Developer";
				COPY_PHASE_STRIP = NO;
				DEBUG_INFORMATION_FORMAT = dwarf;
				ENABLE_STRICT_OBJC_MSGSEND = YES;
				ENABLE_TESTABILITY = YES;
				GCC_C_LANGUAGE_STANDARD = gnu11;
				GCC_DYNAMIC_NO_PIC = NO;
				GCC_NO_COMMON_BLOCKS = YES;
				GCC_OPTIMIZATION_LEVEL = 0;
				GCC_PREPROCESSOR_DEFINITIONS = (
					"DEBUG=1",
					"$(inherited)",
				);
				GCC_WARN_64_TO_32_BIT_CONVERSION = YES;
				GCC_WARN_ABOUT_RETURN_TYPE = YES_ERROR;
				GCC_WARN_UNDECLARED_SELECTOR = YES;
				GCC_WARN_UNINITIALIZED_AUTOS = YES_AGGRESSIVE;
				GCC_WARN_UNUSED_FUNCTION = YES;
				GCC_WARN_UNUSED_VARIABLE = YES;
				IPHONEOS_DEPLOYMENT_TARGET = 11.1;
				MTL_ENABLE_DEBUG_INFO = YES;
				ONLY_ACTIVE_ARCH = YES;
				SDKROOT = iphoneos;
				SWIFT_ACTIVE_COMPILATION_CONDITIONS = DEBUG;
				SWIFT_OPTIMIZATION_LEVEL = "-Onone";
			};
			name = Debug;
		};
		071C9DE51FD5E892009E9D60 /* Release */ = {
			isa = XCBuildConfiguration;
			buildSettings = {
				ALWAYS_SEARCH_USER_PATHS = NO;
				CLANG_ANALYZER_NONNULL = YES;
				CLANG_ANALYZER_NUMBER_OBJECT_CONVERSION = YES_AGGRESSIVE;
				CLANG_CXX_LANGUAGE_STANDARD = "gnu++14";
				CLANG_CXX_LIBRARY = "libc++";
				CLANG_ENABLE_MODULES = YES;
				CLANG_ENABLE_OBJC_ARC = YES;
				CLANG_WARN_BLOCK_CAPTURE_AUTORELEASING = YES;
				CLANG_WARN_BOOL_CONVERSION = YES;
				CLANG_WARN_COMMA = YES;
				CLANG_WARN_CONSTANT_CONVERSION = YES;
				CLANG_WARN_DIRECT_OBJC_ISA_USAGE = YES_ERROR;
				CLANG_WARN_DOCUMENTATION_COMMENTS = YES;
				CLANG_WARN_EMPTY_BODY = YES;
				CLANG_WARN_ENUM_CONVERSION = YES;
				CLANG_WARN_INFINITE_RECURSION = YES;
				CLANG_WARN_INT_CONVERSION = YES;
				CLANG_WARN_NON_LITERAL_NULL_CONVERSION = YES;
				CLANG_WARN_OBJC_LITERAL_CONVERSION = YES;
				CLANG_WARN_OBJC_ROOT_CLASS = YES_ERROR;
				CLANG_WARN_RANGE_LOOP_ANALYSIS = YES;
				CLANG_WARN_STRICT_PROTOTYPES = YES;
				CLANG_WARN_SUSPICIOUS_MOVE = YES;
				CLANG_WARN_UNGUARDED_AVAILABILITY = YES_AGGRESSIVE;
				CLANG_WARN_UNREACHABLE_CODE = YES;
				CLANG_WARN__DUPLICATE_METHOD_MATCH = YES;
				CODE_SIGN_IDENTITY = "iPhone Developer";
				COPY_PHASE_STRIP = NO;
				DEBUG_INFORMATION_FORMAT = "dwarf-with-dsym";
				ENABLE_NS_ASSERTIONS = NO;
				ENABLE_STRICT_OBJC_MSGSEND = YES;
				GCC_C_LANGUAGE_STANDARD = gnu11;
				GCC_NO_COMMON_BLOCKS = YES;
				GCC_WARN_64_TO_32_BIT_CONVERSION = YES;
				GCC_WARN_ABOUT_RETURN_TYPE = YES_ERROR;
				GCC_WARN_UNDECLARED_SELECTOR = YES;
				GCC_WARN_UNINITIALIZED_AUTOS = YES_AGGRESSIVE;
				GCC_WARN_UNUSED_FUNCTION = YES;
				GCC_WARN_UNUSED_VARIABLE = YES;
				IPHONEOS_DEPLOYMENT_TARGET = 11.1;
				MTL_ENABLE_DEBUG_INFO = NO;
				SDKROOT = iphoneos;
				SWIFT_OPTIMIZATION_LEVEL = "-Owholemodule";
				VALIDATE_PRODUCT = YES;
			};
			name = Release;
		};
		071C9DE71FD5E892009E9D60 /* Debug */ = {
			isa = XCBuildConfiguration;
			buildSettings = {
				ASSETCATALOG_COMPILER_APPICON_NAME = AppIcon;
				CODE_SIGN_STYLE = Automatic;
				DEVELOPMENT_TEAM = KM7V5N6GFF;
				INFOPLIST_FILE = Students/Info.plist;
				IPHONEOS_DEPLOYMENT_TARGET = 10.0;
				LD_RUNPATH_SEARCH_PATHS = "$(inherited) @executable_path/Frameworks";
				PRODUCT_BUNDLE_IDENTIFIER = com.ranjith.Students;
				PRODUCT_NAME = "$(TARGET_NAME)";
				SWIFT_VERSION = 4.0;
				TARGETED_DEVICE_FAMILY = "1,2";
			};
			name = Debug;
		};
		071C9DE81FD5E892009E9D60 /* Release */ = {
			isa = XCBuildConfiguration;
			buildSettings = {
				ASSETCATALOG_COMPILER_APPICON_NAME = AppIcon;
				CODE_SIGN_STYLE = Automatic;
				DEVELOPMENT_TEAM = KM7V5N6GFF;
				INFOPLIST_FILE = Students/Info.plist;
				IPHONEOS_DEPLOYMENT_TARGET = 10.0;
				LD_RUNPATH_SEARCH_PATHS = "$(inherited) @executable_path/Frameworks";
				PRODUCT_BUNDLE_IDENTIFIER = com.ranjith.Students;
				PRODUCT_NAME = "$(TARGET_NAME)";
				SWIFT_VERSION = 4.0;
				TARGETED_DEVICE_FAMILY = "1,2";
			};
			name = Release;
		};
/* End XCBuildConfiguration section */

/* Begin XCConfigurationList section */
		071C9DCF1FD5E892009E9D60 /* Build configuration list for PBXProject "Students" */ = {
			isa = XCConfigurationList;
			buildConfigurations = (
				071C9DE41FD5E892009E9D60 /* Debug */,
				071C9DE51FD5E892009E9D60 /* Release */,
			);
			defaultConfigurationIsVisible = 0;
			defaultConfigurationName = Release;
		};
		071C9DE61FD5E892009E9D60 /* Build configuration list for PBXNativeTarget "Students" */ = {
			isa = XCConfigurationList;
			buildConfigurations = (
				071C9DE71FD5E892009E9D60 /* Debug */,
				071C9DE81FD5E892009E9D60 /* Release */,
			);
			defaultConfigurationIsVisible = 0;
			defaultConfigurationName = Release;
		};
/* End XCConfigurationList section */
	};
	rootObject = 071C9DCC1FD5E892009E9D60 /* Project object */;
}
